
Microsoft Visual Studio Solution File, Format Version 12.00
# Visual Studio Version 17
VisualStudioVersion = 17.0.32014.148
MinimumVisualStudioVersion = 10.0.40219.1
Project("{FAE04EC0-301F-11D3-BF4B-00C04F79EFBC}") = "TESTworkElcomplus", "TESTworkElcomplus.csproj", "{3499FD7C-C1F8-4CC5-BA58-E51AE9DFD388}"
EndProject
Global
	GlobalSection(SolutionConfigurationPlatforms) = preSolution
		Debug|Any CPU = Debug|Any CPU
		Release|Any CPU = Release|Any CPU
	EndGlobalSection
	GlobalSection(ProjectConfigurationPlatforms) = postSolution
		{3499FD7C-C1F8-4CC5-BA58-E51AE9DFD388}.Debug|Any CPU.ActiveCfg = Debug|Any CPU
		{3499FD7C-C1F8-4CC5-BA58-E51AE9DFD388}.Debug|Any CPU.Build.0 = Debug|Any CPU
		{3499FD7C-C1F8-4CC5-BA58-E51AE9DFD388}.Release|Any CPU.ActiveCfg = Release|Any CPU
		{3499FD7C-C1F8-4CC5-BA58-E51AE9DFD388}.Release|Any CPU.Build.0 = Release|Any CPU
	EndGlobalSection
	GlobalSection(SolutionProperties) = preSolution
		HideSolutionNode = FALSE
	EndGlobalSection
	GlobalSection(ExtensibilityGlobals) = postSolution
		SolutionGuid = {9EA8DE84-4736-4D08-B795-EFBBE57F3524}
	EndGlobalSection
EndGlobal
